
Microsoft Visual Studio Solution File, Format Version 12.00
# Visual Studio Version 17
VisualStudioVersion = 17.3.32901.215
MinimumVisualStudioVersion = 10.0.40219.1
Project("{FAE04EC0-301F-11D3-BF4B-00C04F79EFBC}") = "Vectors", "Vectors\Vectors.csproj", "{54F1FB14-EB9B-4A45-AB4A-237607A54292}"
EndProject
Global
	GlobalSection(SolutionConfigurationPlatforms) = preSolution
		Debug|Any CPU = Debug|Any CPU
		Release|Any CPU = Release|Any CPU
	EndGlobalSection
	GlobalSection(ProjectConfigurationPlatforms) = postSolution
		{54F1FB14-EB9B-4A45-AB4A-237607A54292}.Debug|Any CPU.ActiveCfg = Debug|Any CPU
		{54F1FB14-EB9B-4A45-AB4A-237607A54292}.Debug|Any CPU.Build.0 = Debug|Any CPU
		{54F1FB14-EB9B-4A45-AB4A-237607A54292}.Release|Any CPU.ActiveCfg = Release|Any CPU
		{54F1FB14-EB9B-4A45-AB4A-237607A54292}.Release|Any CPU.Build.0 = Release|Any CPU
	EndGlobalSection
	GlobalSection(SolutionProperties) = preSolution
		HideSolutionNode = FALSE
	EndGlobalSection
	GlobalSection(ExtensibilityGlobals) = postSolution
		SolutionGuid = {815FFAAC-2946-41A4-8502-DD2296A42ACC}
	EndGlobalSection
EndGlobal
